
Microsoft Visual Studio Solution File, Format Version 12.00
# Visual Studio Version 17
VisualStudioVersion = 17.9.34616.47
MinimumVisualStudioVersion = 10.0.40219.1
Project("{FAE04EC0-301F-11D3-BF4B-00C04F79EFBC}") = "dating-backend", "dating-backend.csproj", "{DC2EA350-79C2-4AD8-AC70-94059B42E739}"
EndProject
Global
	GlobalSection(SolutionConfigurationPlatforms) = preSolution
		Debug|Any CPU = Debug|Any CPU
		Release|Any CPU = Release|Any CPU
	EndGlobalSection
	GlobalSection(ProjectConfigurationPlatforms) = postSolution
		{DC2EA350-79C2-4AD8-AC70-94059B42E739}.Debug|Any CPU.ActiveCfg = Debug|Any CPU
		{DC2EA350-79C2-4AD8-AC70-94059B42E739}.Debug|Any CPU.Build.0 = Debug|Any CPU
		{DC2EA350-79C2-4AD8-AC70-94059B42E739}.Release|Any CPU.ActiveCfg = Release|Any CPU
		{DC2EA350-79C2-4AD8-AC70-94059B42E739}.Release|Any CPU.Build.0 = Release|Any CPU
	EndGlobalSection
	GlobalSection(SolutionProperties) = preSolution
		HideSolutionNode = FALSE
	EndGlobalSection
	GlobalSection(ExtensibilityGlobals) = postSolution
		SolutionGuid = {314B6395-1311-43CE-B8B1-B3F4195A7C58}
	EndGlobalSection
EndGlobal
